
Microsoft Visual Studio Solution File, Format Version 12.00
# Visual Studio Version 17
VisualStudioVersion = 17.0.32112.339
MinimumVisualStudioVersion = 10.0.40219.1
Project("{FAE04EC0-301F-11D3-BF4B-00C04F79EFBC}") = "ToDoAPI", "ToDoAPI\ToDoAPI.csproj", "{30093979-EC0F-48CA-A4EB-217E5483FF77}"
EndProject
Global
	GlobalSection(SolutionConfigurationPlatforms) = preSolution
		Debug|Any CPU = Debug|Any CPU
		Release|Any CPU = Release|Any CPU
	EndGlobalSection
	GlobalSection(ProjectConfigurationPlatforms) = postSolution
		{30093979-EC0F-48CA-A4EB-217E5483FF77}.Debug|Any CPU.ActiveCfg = Debug|Any CPU
		{30093979-EC0F-48CA-A4EB-217E5483FF77}.Debug|Any CPU.Build.0 = Debug|Any CPU
		{30093979-EC0F-48CA-A4EB-217E5483FF77}.Release|Any CPU.ActiveCfg = Release|Any CPU
		{30093979-EC0F-48CA-A4EB-217E5483FF77}.Release|Any CPU.Build.0 = Release|Any CPU
	EndGlobalSection
	GlobalSection(SolutionProperties) = preSolution
		HideSolutionNode = FALSE
	EndGlobalSection
	GlobalSection(ExtensibilityGlobals) = postSolution
		SolutionGuid = {6A015A86-46CE-4DB1-B6B4-C1C982325B23}
	EndGlobalSection
EndGlobal
